
Microsoft Visual Studio Solution File, Format Version 10.00
# Visual Studio 2008
Project("{8BC9CEB8-8B4A-11D0-8D11-00A0C91BC942}") = "SDSCTest", "SDSCTest.vcproj", "{55F84147-D08D-4F50-9584-1EEA1ADF2D2C}"
EndProject
Global
	GlobalSection(SolutionConfigurationPlatforms) = preSolution
		Debug|Win32 = Debug|Win32
		Release|Win32 = Release|Win32
	EndGlobalSection
	GlobalSection(ProjectConfigurationPlatforms) = postSolution
		{55F84147-D08D-4F50-9584-1EEA1ADF2D2C}.Debug|Win32.ActiveCfg = Debug|Win32
		{55F84147-D08D-4F50-9584-1EEA1ADF2D2C}.Debug|Win32.Build.0 = Debug|Win32
		{55F84147-D08D-4F50-9584-1EEA1ADF2D2C}.Release|Win32.ActiveCfg = Release|Win32
		{55F84147-D08D-4F50-9584-1EEA1ADF2D2C}.Release|Win32.Build.0 = Release|Win32
	EndGlobalSection
	GlobalSection(SolutionProperties) = preSolution
		HideSolutionNode = FALSE
	EndGlobalSection
EndGlobal
